// !$*UTF8*$!
{
	archiveVersion = 1;
	classes = {
	};
	objectVersion = 55;
	objects = {

/* Begin PBXBuildFile section */
		187C2B16C56304B5A26BEE6A /* Pods_pryanikyExam.framework in Frameworks */ = {isa = PBXBuildFile; fileRef = DBABE6347A5E223D53BCE4BA /* Pods_pryanikyExam.framework */; };
		ED6F8E6728B4FB7D00235A11 /* AppDelegate.swift in Sources */ = {isa = PBXBuildFile; fileRef = ED6F8E6628B4FB7D00235A11 /* AppDelegate.swift */; };
		ED6F8E6928B4FB7D00235A11 /* SceneDelegate.swift in Sources */ = {isa = PBXBuildFile; fileRef = ED6F8E6828B4FB7D00235A11 /* SceneDelegate.swift */; };
		ED6F8E7028B4FB8000235A11 /* Assets.xcassets in Resources */ = {isa = PBXBuildFile; fileRef = ED6F8E6F28B4FB8000235A11 /* Assets.xcassets */; };
		ED6F8E7E28B4FB8000235A11 /* pryanikyExamTests.swift in Sources */ = {isa = PBXBuildFile; fileRef = ED6F8E7D28B4FB8000235A11 /* pryanikyExamTests.swift */; };
		ED6F8E8828B4FB8000235A11 /* pryanikyExamUITests.swift in Sources */ = {isa = PBXBuildFile; fileRef = ED6F8E8728B4FB8000235A11 /* pryanikyExamUITests.swift */; };
		ED6F8E8A28B4FB8000235A11 /* pryanikyExamUITestsLaunchTests.swift in Sources */ = {isa = PBXBuildFile; fileRef = ED6F8E8928B4FB8000235A11 /* pryanikyExamUITestsLaunchTests.swift */; };
		ED6F8E9728B503E200235A11 /* ViewBuilder.swift in Sources */ = {isa = PBXBuildFile; fileRef = ED6F8E9628B503E200235A11 /* ViewBuilder.swift */; };
		ED6F8E9A28B5040600235A11 /* ViewConfig.swift in Sources */ = {isa = PBXBuildFile; fileRef = ED6F8E9928B5040600235A11 /* ViewConfig.swift */; };
		ED6F8E9C28B504EE00235A11 /* ViewConfigType.swift in Sources */ = {isa = PBXBuildFile; fileRef = ED6F8E9B28B504EE00235A11 /* ViewConfigType.swift */; };
		ED6F8E9F28B5058200235A11 /* TextConfig.swift in Sources */ = {isa = PBXBuildFile; fileRef = ED6F8E9E28B5058200235A11 /* TextConfig.swift */; };
		ED6F8EA128B5058D00235A11 /* PictureConfig.swift in Sources */ = {isa = PBXBuildFile; fileRef = ED6F8EA028B5058D00235A11 /* PictureConfig.swift */; };
		ED6F8EA328B5059E00235A11 /* SelectorConfig.swift in Sources */ = {isa = PBXBuildFile; fileRef = ED6F8EA228B5059E00235A11 /* SelectorConfig.swift */; };
		F0BD7E3E3D5D28962272BCD2 /* Pods_pryanikyExamTests.framework in Frameworks */ = {isa = PBXBuildFile; fileRef = B52E59AB08B51AAE02731C04 /* Pods_pryanikyExamTests.framework */; };
		F422E25128B80A8E00EF1732 /* TextConfigView.swift in Sources */ = {isa = PBXBuildFile; fileRef = F422E25028B80A8E00EF1732 /* TextConfigView.swift */; };
		F45C6B4628B66EA900EEC9A4 /* Main.storyboard in Resources */ = {isa = PBXBuildFile; fileRef = ED6F8E6C28B4FB7D00235A11 /* Main.storyboard */; };
		F45C6B4728B66EAE00EEC9A4 /* LaunchScreen.storyboard in Resources */ = {isa = PBXBuildFile; fileRef = ED6F8E7128B4FB8000235A11 /* LaunchScreen.storyboard */; };
		F45C6B4928B79C8200EEC9A4 /* ViewFactory.swift in Sources */ = {isa = PBXBuildFile; fileRef = F45C6B4828B79C8200EEC9A4 /* ViewFactory.swift */; };
		F45C6B4B28B79D8A00EEC9A4 /* ViewFactoryEntityProtocol.swift in Sources */ = {isa = PBXBuildFile; fileRef = F45C6B4A28B79D8A00EEC9A4 /* ViewFactoryEntityProtocol.swift */; };
		F4DF839528B8103700809F33 /* PictureConfigView.swift in Sources */ = {isa = PBXBuildFile; fileRef = F4DF839428B8103700809F33 /* PictureConfigView.swift */; };
		F4DF839728BBC76E00809F33 /* SelectorConfigView.swift in Sources */ = {isa = PBXBuildFile; fileRef = F4DF839628BBC76E00809F33 /* SelectorConfigView.swift */; };
		F4DF839B28BBD0BB00809F33 /* MainPageView.swift in Sources */ = {isa = PBXBuildFile; fileRef = F4DF839A28BBD0BB00809F33 /* MainPageView.swift */; };
		F4DF839F28BBD0D700809F33 /* MainPageViewModel.swift in Sources */ = {isa = PBXBuildFile; fileRef = F4DF839E28BBD0D700809F33 /* MainPageViewModel.swift */; };
		F4E7587728B65AD500F1EDF8 /* SelectorVariants.swift in Sources */ = {isa = PBXBuildFile; fileRef = F4E7587628B65AD500F1EDF8 /* SelectorVariants.swift */; };
		F4E7587928B6636E00F1EDF8 /* MasterViewConfig.swift in Sources */ = {isa = PBXBuildFile; fileRef = F4E7587828B6636E00F1EDF8 /* MasterViewConfig.swift */; };
		FD29B93FC14D0130104F6EFB /* Pods_pryanikyExam_pryanikyExamUITests.framework in Frameworks */ = {isa = PBXBuildFile; fileRef = 2E77419432D56E1CAC08DBA7 /* Pods_pryanikyExam_pryanikyExamUITests.framework */; };
/* End PBXBuildFile section */

/* Begin PBXContainerItemProxy section */
		ED6F8E7A28B4FB8000235A11 /* PBXContainerItemProxy */ = {
			isa = PBXContainerItemProxy;
			containerPortal = ED6F8E5B28B4FB7D00235A11 /* Project object */;
			proxyType = 1;
			remoteGlobalIDString = ED6F8E6228B4FB7D00235A11;
			remoteInfo = pryanikyExam;
		};
		ED6F8E8428B4FB8000235A11 /* PBXContainerItemProxy */ = {
			isa = PBXContainerItemProxy;
			containerPortal = ED6F8E5B28B4FB7D00235A11 /* Project object */;
			proxyType = 1;
			remoteGlobalIDString = ED6F8E6228B4FB7D00235A11;
			remoteInfo = pryanikyExam;
		};
/* End PBXContainerItemProxy section */

/* Begin PBXFileReference section */
		125C371CFDE22945C371A411 /* Pods-pryanikyExamTests.release.xcconfig */ = {isa = PBXFileReference; includeInIndex = 1; lastKnownFileType = text.xcconfig; name = "Pods-pryanikyExamTests.release.xcconfig"; path = "Target Support Files/Pods-pryanikyExamTests/Pods-pryanikyExamTests.release.xcconfig"; sourceTree = "<group>"; };
		2E77419432D56E1CAC08DBA7 /* Pods_pryanikyExam_pryanikyExamUITests.framework */ = {isa = PBXFileReference; explicitFileType = wrapper.framework; includeInIndex = 0; path = Pods_pryanikyExam_pryanikyExamUITests.framework; sourceTree = BUILT_PRODUCTS_DIR; };
		3985D9A0785AA3A88B28B864 /* Pods-pryanikyExam.release.xcconfig */ = {isa = PBXFileReference; includeInIndex = 1; lastKnownFileType = text.xcconfig; name = "Pods-pryanikyExam.release.xcconfig"; path = "Target Support Files/Pods-pryanikyExam/Pods-pryanikyExam.release.xcconfig"; sourceTree = "<group>"; };
		3E120056CB1F55E59A91F1CE /* Pods-pryanikyExamTests.debug.xcconfig */ = {isa = PBXFileReference; includeInIndex = 1; lastKnownFileType = text.xcconfig; name = "Pods-pryanikyExamTests.debug.xcconfig"; path = "Target Support Files/Pods-pryanikyExamTests/Pods-pryanikyExamTests.debug.xcconfig"; sourceTree = "<group>"; };
		6BFAD28BEF8B60B09AB5028F /* Pods-pryanikyExam.debug.xcconfig */ = {isa = PBXFileReference; includeInIndex = 1; lastKnownFileType = text.xcconfig; name = "Pods-pryanikyExam.debug.xcconfig"; path = "Target Support Files/Pods-pryanikyExam/Pods-pryanikyExam.debug.xcconfig"; sourceTree = "<group>"; };
		9AD15E04498445BBEC86C111 /* Pods-pryanikyExam-pryanikyExamUITests.debug.xcconfig */ = {isa = PBXFileReference; includeInIndex = 1; lastKnownFileType = text.xcconfig; name = "Pods-pryanikyExam-pryanikyExamUITests.debug.xcconfig"; path = "Target Support Files/Pods-pryanikyExam-pryanikyExamUITests/Pods-pryanikyExam-pryanikyExamUITests.debug.xcconfig"; sourceTree = "<group>"; };
		B52E59AB08B51AAE02731C04 /* Pods_pryanikyExamTests.framework */ = {isa = PBXFileReference; explicitFileType = wrapper.framework; includeInIndex = 0; path = Pods_pryanikyExamTests.framework; sourceTree = BUILT_PRODUCTS_DIR; };
		DBABE6347A5E223D53BCE4BA /* Pods_pryanikyExam.framework */ = {isa = PBXFileReference; explicitFileType = wrapper.framework; includeInIndex = 0; path = Pods_pryanikyExam.framework; sourceTree = BUILT_PRODUCTS_DIR; };
		ED6F8E6328B4FB7D00235A11 /* pryanikyExam.app */ = {isa = PBXFileReference; explicitFileType = wrapper.application; includeInIndex = 0; path = pryanikyExam.app; sourceTree = BUILT_PRODUCTS_DIR; };
		ED6F8E6628B4FB7D00235A11 /* AppDelegate.swift */ = {isa = PBXFileReference; lastKnownFileType = sourcecode.swift; path = AppDelegate.swift; sourceTree = "<group>"; };
		ED6F8E6828B4FB7D00235A11 /* SceneDelegate.swift */ = {isa = PBXFileReference; lastKnownFileType = sourcecode.swift; path = SceneDelegate.swift; sourceTree = "<group>"; };
		ED6F8E6D28B4FB7D00235A11 /* Base */ = {isa = PBXFileReference; lastKnownFileType = file.storyboard; name = Base; path = Base.lproj/Main.storyboard; sourceTree = "<group>"; };
		ED6F8E6F28B4FB8000235A11 /* Assets.xcassets */ = {isa = PBXFileReference; lastKnownFileType = folder.assetcatalog; path = Assets.xcassets; sourceTree = "<group>"; };
		ED6F8E7228B4FB8000235A11 /* Base */ = {isa = PBXFileReference; lastKnownFileType = file.storyboard; name = Base; path = Base.lproj/LaunchScreen.storyboard; sourceTree = "<group>"; };
		ED6F8E7428B4FB8000235A11 /* Info.plist */ = {isa = PBXFileReference; lastKnownFileType = text.plist.xml; path = Info.plist; sourceTree = "<group>"; };
		ED6F8E7928B4FB8000235A11 /* pryanikyExamTests.xctest */ = {isa = PBXFileReference; explicitFileType = wrapper.cfbundle; includeInIndex = 0; path = pryanikyExamTests.xctest; sourceTree = BUILT_PRODUCTS_DIR; };
		ED6F8E7D28B4FB8000235A11 /* pryanikyExamTests.swift */ = {isa = PBXFileReference; lastKnownFileType = sourcecode.swift; path = pryanikyExamTests.swift; sourceTree = "<group>"; };
		ED6F8E8328B4FB8000235A11 /* pryanikyExamUITests.xctest */ = {isa = PBXFileReference; explicitFileType = wrapper.cfbundle; includeInIndex = 0; path = pryanikyExamUITests.xctest; sourceTree = BUILT_PRODUCTS_DIR; };
		ED6F8E8728B4FB8000235A11 /* pryanikyExamUITests.swift */ = {isa = PBXFileReference; lastKnownFileType = sourcecode.swift; path = pryanikyExamUITests.swift; sourceTree = "<group>"; };
		ED6F8E8928B4FB8000235A11 /* pryanikyExamUITestsLaunchTests.swift */ = {isa = PBXFileReference; lastKnownFileType = sourcecode.swift; path = pryanikyExamUITestsLaunchTests.swift; sourceTree = "<group>"; };
		ED6F8E9628B503E200235A11 /* ViewBuilder.swift */ = {isa = PBXFileReference; lastKnownFileType = sourcecode.swift; path = ViewBuilder.swift; sourceTree = "<group>"; };
		ED6F8E9928B5040600235A11 /* ViewConfig.swift */ = {isa = PBXFileReference; lastKnownFileType = sourcecode.swift; path = ViewConfig.swift; sourceTree = "<group>"; };
		ED6F8E9B28B504EE00235A11 /* ViewConfigType.swift */ = {isa = PBXFileReference; lastKnownFileType = sourcecode.swift; path = ViewConfigType.swift; sourceTree = "<group>"; };
		ED6F8E9E28B5058200235A11 /* TextConfig.swift */ = {isa = PBXFileReference; lastKnownFileType = sourcecode.swift; path = TextConfig.swift; sourceTree = "<group>"; };
		ED6F8EA028B5058D00235A11 /* PictureConfig.swift */ = {isa = PBXFileReference; lastKnownFileType = sourcecode.swift; path = PictureConfig.swift; sourceTree = "<group>"; };
		ED6F8EA228B5059E00235A11 /* SelectorConfig.swift */ = {isa = PBXFileReference; lastKnownFileType = sourcecode.swift; path = SelectorConfig.swift; sourceTree = "<group>"; };
		EE04097A8A90B7856D0E939A /* Pods-pryanikyExam-pryanikyExamUITests.release.xcconfig */ = {isa = PBXFileReference; includeInIndex = 1; lastKnownFileType = text.xcconfig; name = "Pods-pryanikyExam-pryanikyExamUITests.release.xcconfig"; path = "Target Support Files/Pods-pryanikyExam-pryanikyExamUITests/Pods-pryanikyExam-pryanikyExamUITests.release.xcconfig"; sourceTree = "<group>"; };
		F422E25028B80A8E00EF1732 /* TextConfigView.swift */ = {isa = PBXFileReference; lastKnownFileType = sourcecode.swift; path = TextConfigView.swift; sourceTree = "<group>"; };
		F45C6B4828B79C8200EEC9A4 /* ViewFactory.swift */ = {isa = PBXFileReference; lastKnownFileType = sourcecode.swift; path = ViewFactory.swift; sourceTree = "<group>"; };
		F45C6B4A28B79D8A00EEC9A4 /* ViewFactoryEntityProtocol.swift */ = {isa = PBXFileReference; lastKnownFileType = sourcecode.swift; path = ViewFactoryEntityProtocol.swift; sourceTree = "<group>"; };
		F4DF839428B8103700809F33 /* PictureConfigView.swift */ = {isa = PBXFileReference; lastKnownFileType = sourcecode.swift; path = PictureConfigView.swift; sourceTree = "<group>"; };
		F4DF839628BBC76E00809F33 /* SelectorConfigView.swift */ = {isa = PBXFileReference; lastKnownFileType = sourcecode.swift; path = SelectorConfigView.swift; sourceTree = "<group>"; };
		F4DF839A28BBD0BB00809F33 /* MainPageView.swift */ = {isa = PBXFileReference; lastKnownFileType = sourcecode.swift; path = MainPageView.swift; sourceTree = "<group>"; };
		F4DF839E28BBD0D700809F33 /* MainPageViewModel.swift */ = {isa = PBXFileReference; lastKnownFileType = sourcecode.swift; path = MainPageViewModel.swift; sourceTree = "<group>"; };
		F4E7587628B65AD500F1EDF8 /* SelectorVariants.swift */ = {isa = PBXFileReference; lastKnownFileType = sourcecode.swift; path = SelectorVariants.swift; sourceTree = "<group>"; };
		F4E7587828B6636E00F1EDF8 /* MasterViewConfig.swift */ = {isa = PBXFileReference; lastKnownFileType = sourcecode.swift; path = MasterViewConfig.swift; sourceTree = "<group>"; };
/* End PBXFileReference section */

/* Begin PBXFrameworksBuildPhase section */
		ED6F8E6028B4FB7D00235A11 /* Frameworks */ = {
			isa = PBXFrameworksBuildPhase;
			buildActionMask = 2147483647;
			files = (
				187C2B16C56304B5A26BEE6A /* Pods_pryanikyExam.framework in Frameworks */,
			);
			runOnlyForDeploymentPostprocessing = 0;
		};
		ED6F8E7628B4FB8000235A11 /* Frameworks */ = {
			isa = PBXFrameworksBuildPhase;
			buildActionMask = 2147483647;
			files = (
				F0BD7E3E3D5D28962272BCD2 /* Pods_pryanikyExamTests.framework in Frameworks */,
			);
			runOnlyForDeploymentPostprocessing = 0;
		};
		ED6F8E8028B4FB8000235A11 /* Frameworks */ = {
			isa = PBXFrameworksBuildPhase;
			buildActionMask = 2147483647;
			files = (
				FD29B93FC14D0130104F6EFB /* Pods_pryanikyExam_pryanikyExamUITests.framework in Frameworks */,
			);
			runOnlyForDeploymentPostprocessing = 0;
		};
/* End PBXFrameworksBuildPhase section */

/* Begin PBXGroup section */
		0C0F280877E9D0AE20A71C22 /* Frameworks */ = {
			isa = PBXGroup;
			children = (
				DBABE6347A5E223D53BCE4BA /* Pods_pryanikyExam.framework */,
				2E77419432D56E1CAC08DBA7 /* Pods_pryanikyExam_pryanikyExamUITests.framework */,
				B52E59AB08B51AAE02731C04 /* Pods_pryanikyExamTests.framework */,
			);
			name = Frameworks;
			sourceTree = "<group>";
		};
		7201FD360BAC1AE062BACA5D /* Pods */ = {
			isa = PBXGroup;
			children = (
				6BFAD28BEF8B60B09AB5028F /* Pods-pryanikyExam.debug.xcconfig */,
				3985D9A0785AA3A88B28B864 /* Pods-pryanikyExam.release.xcconfig */,
				9AD15E04498445BBEC86C111 /* Pods-pryanikyExam-pryanikyExamUITests.debug.xcconfig */,
				EE04097A8A90B7856D0E939A /* Pods-pryanikyExam-pryanikyExamUITests.release.xcconfig */,
				3E120056CB1F55E59A91F1CE /* Pods-pryanikyExamTests.debug.xcconfig */,
				125C371CFDE22945C371A411 /* Pods-pryanikyExamTests.release.xcconfig */,
			);
			path = Pods;
			sourceTree = "<group>";
		};
		ED6F8E5A28B4FB7D00235A11 = {
			isa = PBXGroup;
			children = (
				ED6F8E6528B4FB7D00235A11 /* pryanikyExam */,
				ED6F8E7C28B4FB8000235A11 /* pryanikyExamTests */,
				ED6F8E8628B4FB8000235A11 /* pryanikyExamUITests */,
				ED6F8E6428B4FB7D00235A11 /* Products */,
				7201FD360BAC1AE062BACA5D /* Pods */,
				0C0F280877E9D0AE20A71C22 /* Frameworks */,
			);
			sourceTree = "<group>";
		};
		ED6F8E6428B4FB7D00235A11 /* Products */ = {
			isa = PBXGroup;
			children = (
				ED6F8E6328B4FB7D00235A11 /* pryanikyExam.app */,
				ED6F8E7928B4FB8000235A11 /* pryanikyExamTests.xctest */,
				ED6F8E8328B4FB8000235A11 /* pryanikyExamUITests.xctest */,
			);
			name = Products;
			sourceTree = "<group>";
		};
		ED6F8E6528B4FB7D00235A11 /* pryanikyExam */ = {
			isa = PBXGroup;
			children = (
				F4DF839928BBD09700809F33 /* ViewModels */,
				F4DF839828BBD09100809F33 /* Views */,
				ED6F8E9828B503E700235A11 /* Models */,
				ED6F8E6628B4FB7D00235A11 /* AppDelegate.swift */,
				ED6F8E6828B4FB7D00235A11 /* SceneDelegate.swift */,
				ED6F8E6C28B4FB7D00235A11 /* Main.storyboard */,
				ED6F8E6F28B4FB8000235A11 /* Assets.xcassets */,
				ED6F8E7128B4FB8000235A11 /* LaunchScreen.storyboard */,
				ED6F8E7428B4FB8000235A11 /* Info.plist */,
				F45C6B4828B79C8200EEC9A4 /* ViewFactory.swift */,
				F45C6B4A28B79D8A00EEC9A4 /* ViewFactoryEntityProtocol.swift */,
			);
			path = pryanikyExam;
			sourceTree = "<group>";
		};
		ED6F8E7C28B4FB8000235A11 /* pryanikyExamTests */ = {
			isa = PBXGroup;
			children = (
				ED6F8E7D28B4FB8000235A11 /* pryanikyExamTests.swift */,
			);
			path = pryanikyExamTests;
			sourceTree = "<group>";
		};
		ED6F8E8628B4FB8000235A11 /* pryanikyExamUITests */ = {
			isa = PBXGroup;
			children = (
				ED6F8E8728B4FB8000235A11 /* pryanikyExamUITests.swift */,
				ED6F8E8928B4FB8000235A11 /* pryanikyExamUITestsLaunchTests.swift */,
			);
			path = pryanikyExamUITests;
			sourceTree = "<group>";
		};
		ED6F8E9828B503E700235A11 /* Models */ = {
			isa = PBXGroup;
			children = (
				ED6F8E9D28B5055D00235A11 /* Configs */,
				ED6F8E9628B503E200235A11 /* ViewBuilder.swift */,
				ED6F8E9928B5040600235A11 /* ViewConfig.swift */,
				ED6F8E9B28B504EE00235A11 /* ViewConfigType.swift */,
			);
			path = Models;
			sourceTree = "<group>";
		};
		ED6F8E9D28B5055D00235A11 /* Configs */ = {
			isa = PBXGroup;
			children = (
				F422E24F28B80A7800EF1732 /* PictureConfig */,
				F422E24E28B80A7100EF1732 /* TextConfig */,
				F4E7587528B65ABF00F1EDF8 /* SelectorConfig */,
				F4E7587828B6636E00F1EDF8 /* MasterViewConfig.swift */,
			);
			path = Configs;
			sourceTree = "<group>";
		};
		F422E24E28B80A7100EF1732 /* TextConfig */ = {
			isa = PBXGroup;
			children = (
				ED6F8E9E28B5058200235A11 /* TextConfig.swift */,
				F422E25028B80A8E00EF1732 /* TextConfigView.swift */,
			);
			path = TextConfig;
			sourceTree = "<group>";
		};
		F422E24F28B80A7800EF1732 /* PictureConfig */ = {
			isa = PBXGroup;
			children = (
				ED6F8EA028B5058D00235A11 /* PictureConfig.swift */,
				F4DF839428B8103700809F33 /* PictureConfigView.swift */,
			);
			path = PictureConfig;
			sourceTree = "<group>";
		};
		F4DF839828BBD09100809F33 /* Views */ = {
			isa = PBXGroup;
			children = (
				F4DF839A28BBD0BB00809F33 /* MainPageView.swift */,
			);
			path = Views;
			sourceTree = "<group>";
		};
		F4DF839928BBD09700809F33 /* ViewModels */ = {
			isa = PBXGroup;
			children = (
				F4DF839E28BBD0D700809F33 /* MainPageViewModel.swift */,
			);
			path = ViewModels;
			sourceTree = "<group>";
		};
		F4E7587528B65ABF00F1EDF8 /* SelectorConfig */ = {
			isa = PBXGroup;
			children = (
				ED6F8EA228B5059E00235A11 /* SelectorConfig.swift */,
				F4E7587628B65AD500F1EDF8 /* SelectorVariants.swift */,
				F4DF839628BBC76E00809F33 /* SelectorConfigView.swift */,
			);
			path = SelectorConfig;
			sourceTree = "<group>";
		};
/* End PBXGroup section */

/* Begin PBXNativeTarget section */
		ED6F8E6228B4FB7D00235A11 /* pryanikyExam */ = {
			isa = PBXNativeTarget;
			buildConfigurationList = ED6F8E8D28B4FB8000235A11 /* Build configuration list for PBXNativeTarget "pryanikyExam" */;
			buildPhases = (
				1C82577D6CDD8C88141619EC /* [CP] Check Pods Manifest.lock */,
				ED6F8E5F28B4FB7D00235A11 /* Sources */,
				ED6F8E6028B4FB7D00235A11 /* Frameworks */,
				ED6F8E6128B4FB7D00235A11 /* Resources */,
				ECC3429690C4092F71BB8C24 /* [CP] Embed Pods Frameworks */,
			);
			buildRules = (
			);
			dependencies = (
			);
			name = pryanikyExam;
			productName = pryanikyExam;
			productReference = ED6F8E6328B4FB7D00235A11 /* pryanikyExam.app */;
			productType = "com.apple.product-type.application";
		};
		ED6F8E7828B4FB8000235A11 /* pryanikyExamTests */ = {
			isa = PBXNativeTarget;
			buildConfigurationList = ED6F8E9028B4FB8000235A11 /* Build configuration list for PBXNativeTarget "pryanikyExamTests" */;
			buildPhases = (
				00C929E6040C7FA28D9CB8C8 /* [CP] Check Pods Manifest.lock */,
				ED6F8E7528B4FB8000235A11 /* Sources */,
				ED6F8E7628B4FB8000235A11 /* Frameworks */,
				ED6F8E7728B4FB8000235A11 /* Resources */,
			);
			buildRules = (
			);
			dependencies = (
				ED6F8E7B28B4FB8000235A11 /* PBXTargetDependency */,
			);
			name = pryanikyExamTests;
			productName = pryanikyExamTests;
			productReference = ED6F8E7928B4FB8000235A11 /* pryanikyExamTests.xctest */;
			productType = "com.apple.product-type.bundle.unit-test";
		};
		ED6F8E8228B4FB8000235A11 /* pryanikyExamUITests */ = {
			isa = PBXNativeTarget;
			buildConfigurationList = ED6F8E9328B4FB8000235A11 /* Build configuration list for PBXNativeTarget "pryanikyExamUITests" */;
			buildPhases = (
				D2709C44E01C4224007F8569 /* [CP] Check Pods Manifest.lock */,
				ED6F8E7F28B4FB8000235A11 /* Sources */,
				ED6F8E8028B4FB8000235A11 /* Frameworks */,
				ED6F8E8128B4FB8000235A11 /* Resources */,
				06DA8A825AD36B7626A67D74 /* [CP] Embed Pods Frameworks */,
			);
			buildRules = (
			);
			dependencies = (
				ED6F8E8528B4FB8000235A11 /* PBXTargetDependency */,
			);
			name = pryanikyExamUITests;
			productName = pryanikyExamUITests;
			productReference = ED6F8E8328B4FB8000235A11 /* pryanikyExamUITests.xctest */;
			productType = "com.apple.product-type.bundle.ui-testing";
		};
/* End PBXNativeTarget section */

/* Begin PBXProject section */
		ED6F8E5B28B4FB7D00235A11 /* Project object */ = {
			isa = PBXProject;
			attributes = {
				BuildIndependentTargetsInParallel = 1;
				LastSwiftUpdateCheck = 1340;
				LastUpgradeCheck = 1340;
				TargetAttributes = {
					ED6F8E6228B4FB7D00235A11 = {
						CreatedOnToolsVersion = 13.4.1;
					};
					ED6F8E7828B4FB8000235A11 = {
						CreatedOnToolsVersion = 13.4.1;
						TestTargetID = ED6F8E6228B4FB7D00235A11;
					};
					ED6F8E8228B4FB8000235A11 = {
						CreatedOnToolsVersion = 13.4.1;
						TestTargetID = ED6F8E6228B4FB7D00235A11;
					};
				};
			};
			buildConfigurationList = ED6F8E5E28B4FB7D00235A11 /* Build configuration list for PBXProject "pryanikyExam" */;
			compatibilityVersion = "Xcode 13.0";
			developmentRegion = en;
			hasScannedForEncodings = 0;
			knownRegions = (
				en,
				Base,
			);
			mainGroup = ED6F8E5A28B4FB7D00235A11;
			productRefGroup = ED6F8E6428B4FB7D00235A11 /* Products */;
			projectDirPath = "";
			projectRoot = "";
			targets = (
				ED6F8E6228B4FB7D00235A11 /* pryanikyExam */,
				ED6F8E7828B4FB8000235A11 /* pryanikyExamTests */,
				ED6F8E8228B4FB8000235A11 /* pryanikyExamUITests */,
			);
		};
/* End PBXProject section */

/* Begin PBXResourcesBuildPhase section */
		ED6F8E6128B4FB7D00235A11 /* Resources */ = {
			isa = PBXResourcesBuildPhase;
			buildActionMask = 2147483647;
			files = (
				F45C6B4728B66EAE00EEC9A4 /* LaunchScreen.storyboard in Resources */,
				F45C6B4628B66EA900EEC9A4 /* Main.storyboard in Resources */,
				ED6F8E7028B4FB8000235A11 /* Assets.xcassets in Resources */,
			);
			runOnlyForDeploymentPostprocessing = 0;
		};
		ED6F8E7728B4FB8000235A11 /* Resources */ = {
			isa = PBXResourcesBuildPhase;
			buildActionMask = 2147483647;
			files = (
			);
			runOnlyForDeploymentPostprocessing = 0;
		};
		ED6F8E8128B4FB8000235A11 /* Resources */ = {
			isa = PBXResourcesBuildPhase;
			buildActionMask = 2147483647;
			files = (
			);
			runOnlyForDeploymentPostprocessing = 0;
		};
/* End PBXResourcesBuildPhase section */

/* Begin PBXShellScriptBuildPhase section */
		00C929E6040C7FA28D9CB8C8 /* [CP] Check Pods Manifest.lock */ = {
			isa = PBXShellScriptBuildPhase;
			buildActionMask = 2147483647;
			files = (
			);
			inputFileListPaths = (
			);
			inputPaths = (
				"${PODS_PODFILE_DIR_PATH}/Podfile.lock",
				"${PODS_ROOT}/Manifest.lock",
			);
			name = "[CP] Check Pods Manifest.lock";
			outputFileListPaths = (
			);
			outputPaths = (
				"$(DERIVED_FILE_DIR)/Pods-pryanikyExamTests-checkManifestLockResult.txt",
			);
			runOnlyForDeploymentPostprocessing = 0;
			shellPath = /bin/sh;
			shellScript = "diff \"${PODS_PODFILE_DIR_PATH}/Podfile.lock\" \"${PODS_ROOT}/Manifest.lock\" > /dev/null\nif [ $? != 0 ] ; then\n    # print error to STDERR\n    echo \"error: The sandbox is not in sync with the Podfile.lock. Run 'pod install' or update your CocoaPods installation.\" >&2\n    exit 1\nfi\n# This output is used by Xcode 'outputs' to avoid re-running this script phase.\necho \"SUCCESS\" > \"${SCRIPT_OUTPUT_FILE_0}\"\n";
			showEnvVarsInLog = 0;
		};
		06DA8A825AD36B7626A67D74 /* [CP] Embed Pods Frameworks */ = {
			isa = PBXShellScriptBuildPhase;
			buildActionMask = 2147483647;
			files = (
			);
			inputFileListPaths = (
				"${PODS_ROOT}/Target Support Files/Pods-pryanikyExam-pryanikyExamUITests/Pods-pryanikyExam-pryanikyExamUITests-frameworks-${CONFIGURATION}-input-files.xcfilelist",
			);
			name = "[CP] Embed Pods Frameworks";
			outputFileListPaths = (
				"${PODS_ROOT}/Target Support Files/Pods-pryanikyExam-pryanikyExamUITests/Pods-pryanikyExam-pryanikyExamUITests-frameworks-${CONFIGURATION}-output-files.xcfilelist",
			);
			runOnlyForDeploymentPostprocessing = 0;
			shellPath = /bin/sh;
			shellScript = "\"${PODS_ROOT}/Target Support Files/Pods-pryanikyExam-pryanikyExamUITests/Pods-pryanikyExam-pryanikyExamUITests-frameworks.sh\"\n";
			showEnvVarsInLog = 0;
		};
		1C82577D6CDD8C88141619EC /* [CP] Check Pods Manifest.lock */ = {
			isa = PBXShellScriptBuildPhase;
			buildActionMask = 2147483647;
			files = (
			);
			inputFileListPaths = (
			);
			inputPaths = (
				"${PODS_PODFILE_DIR_PATH}/Podfile.lock",
				"${PODS_ROOT}/Manifest.lock",
			);
			name = "[CP] Check Pods Manifest.lock";
			outputFileListPaths = (
			);
			outputPaths = (
				"$(DERIVED_FILE_DIR)/Pods-pryanikyExam-checkManifestLockResult.txt",
			);
			runOnlyForDeploymentPostprocessing = 0;
			shellPath = /bin/sh;
			shellScript = "diff \"${PODS_PODFILE_DIR_PATH}/Podfile.lock\" \"${PODS_ROOT}/Manifest.lock\" > /dev/null\nif [ $? != 0 ] ; then\n    # print error to STDERR\n    echo \"error: The sandbox is not in sync with the Podfile.lock. Run 'pod install' or update your CocoaPods installation.\" >&2\n    exit 1\nfi\n# This output is used by Xcode 'outputs' to avoid re-running this script phase.\necho \"SUCCESS\" > \"${SCRIPT_OUTPUT_FILE_0}\"\n";
			showEnvVarsInLog = 0;
		};
		D2709C44E01C4224007F8569 /* [CP] Check Pods Manifest.lock */ = {
			isa = PBXShellScriptBuildPhase;
			buildActionMask = 2147483647;
			files = (
			);
			inputFileListPaths = (
			);
			inputPaths = (
				"${PODS_PODFILE_DIR_PATH}/Podfile.lock",
				"${PODS_ROOT}/Manifest.lock",
			);
			name = "[CP] Check Pods Manifest.lock";
			outputFileListPaths = (
			);
			outputPaths = (
				"$(DERIVED_FILE_DIR)/Pods-pryanikyExam-pryanikyExamUITests-checkManifestLockResult.txt",
			);
			runOnlyForDeploymentPostprocessing = 0;
			shellPath = /bin/sh;
			shellScript = "diff \"${PODS_PODFILE_DIR_PATH}/Podfile.lock\" \"${PODS_ROOT}/Manifest.lock\" > /dev/null\nif [ $? != 0 ] ; then\n    # print error to STDERR\n    echo \"error: The sandbox is not in sync with the Podfile.lock. Run 'pod install' or update your CocoaPods installation.\" >&2\n    exit 1\nfi\n# This output is used by Xcode 'outputs' to avoid re-running this script phase.\necho \"SUCCESS\" > \"${SCRIPT_OUTPUT_FILE_0}\"\n";
			showEnvVarsInLog = 0;
		};
		ECC3429690C4092F71BB8C24 /* [CP] Embed Pods Frameworks */ = {
			isa = PBXShellScriptBuildPhase;
			buildActionMask = 2147483647;
			files = (
			);
			inputFileListPaths = (
				"${PODS_ROOT}/Target Support Files/Pods-pryanikyExam/Pods-pryanikyExam-frameworks-${CONFIGURATION}-input-files.xcfilelist",
			);
			name = "[CP] Embed Pods Frameworks";
			outputFileListPaths = (
				"${PODS_ROOT}/Target Support Files/Pods-pryanikyExam/Pods-pryanikyExam-frameworks-${CONFIGURATION}-output-files.xcfilelist",
			);
			runOnlyForDeploymentPostprocessing = 0;
			shellPath = /bin/sh;
			shellScript = "\"${PODS_ROOT}/Target Support Files/Pods-pryanikyExam/Pods-pryanikyExam-frameworks.sh\"\n";
			showEnvVarsInLog = 0;
		};
/* End PBXShellScriptBuildPhase section */

/* Begin PBXSourcesBuildPhase section */
		ED6F8E5F28B4FB7D00235A11 /* Sources */ = {
			isa = PBXSourcesBuildPhase;
			buildActionMask = 2147483647;
			files = (
				F45C6B4B28B79D8A00EEC9A4 /* ViewFactoryEntityProtocol.swift in Sources */,
				F422E25128B80A8E00EF1732 /* TextConfigView.swift in Sources */,
				ED6F8EA128B5058D00235A11 /* PictureConfig.swift in Sources */,
				ED6F8EA328B5059E00235A11 /* SelectorConfig.swift in Sources */,
				ED6F8E9C28B504EE00235A11 /* ViewConfigType.swift in Sources */,
				F4DF839728BBC76E00809F33 /* SelectorConfigView.swift in Sources */,
				F4DF839F28BBD0D700809F33 /* MainPageViewModel.swift in Sources */,
				F4DF839528B8103700809F33 /* PictureConfigView.swift in Sources */,
				F4E7587728B65AD500F1EDF8 /* SelectorVariants.swift in Sources */,
				ED6F8E9A28B5040600235A11 /* ViewConfig.swift in Sources */,
				ED6F8E6728B4FB7D00235A11 /* AppDelegate.swift in Sources */,
				F45C6B4928B79C8200EEC9A4 /* ViewFactory.swift in Sources */,
				F4DF839B28BBD0BB00809F33 /* MainPageView.swift in Sources */,
				ED6F8E9728B503E200235A11 /* ViewBuilder.swift in Sources */,
				F4E7587928B6636E00F1EDF8 /* MasterViewConfig.swift in Sources */,
				ED6F8E9F28B5058200235A11 /* TextConfig.swift in Sources */,
				ED6F8E6928B4FB7D00235A11 /* SceneDelegate.swift in Sources */,
			);
			runOnlyForDeploymentPostprocessing = 0;
		};
		ED6F8E7528B4FB8000235A11 /* Sources */ = {
			isa = PBXSourcesBuildPhase;
			buildActionMask = 2147483647;
			files = (
				ED6F8E7E28B4FB8000235A11 /* pryanikyExamTests.swift in Sources */,
			);
			runOnlyForDeploymentPostprocessing = 0;
		};
		ED6F8E7F28B4FB8000235A11 /* Sources */ = {
			isa = PBXSourcesBuildPhase;
			buildActionMask = 2147483647;
			files = (
				ED6F8E8A28B4FB8000235A11 /* pryanikyExamUITestsLaunchTests.swift in Sources */,
				ED6F8E8828B4FB8000235A11 /* pryanikyExamUITests.swift in Sources */,
			);
			runOnlyForDeploymentPostprocessing = 0;
		};
/* End PBXSourcesBuildPhase section */

/* Begin PBXTargetDependency section */
		ED6F8E7B28B4FB8000235A11 /* PBXTargetDependency */ = {
			isa = PBXTargetDependency;
			target = ED6F8E6228B4FB7D00235A11 /* pryanikyExam */;
			targetProxy = ED6F8E7A28B4FB8000235A11 /* PBXContainerItemProxy */;
		};
		ED6F8E8528B4FB8000235A11 /* PBXTargetDependency */ = {
			isa = PBXTargetDependency;
			target = ED6F8E6228B4FB7D00235A11 /* pryanikyExam */;
			targetProxy = ED6F8E8428B4FB8000235A11 /* PBXContainerItemProxy */;
		};
/* End PBXTargetDependency section */

/* Begin PBXVariantGroup section */
		ED6F8E6C28B4FB7D00235A11 /* Main.storyboard */ = {
			isa = PBXVariantGroup;
			children = (
				ED6F8E6D28B4FB7D00235A11 /* Base */,
			);
			name = Main.storyboard;
			sourceTree = "<group>";
		};
		ED6F8E7128B4FB8000235A11 /* LaunchScreen.storyboard */ = {
			isa = PBXVariantGroup;
			children = (
				ED6F8E7228B4FB8000235A11 /* Base */,
			);
			name = LaunchScreen.storyboard;
			sourceTree = "<group>";
		};
/* End PBXVariantGroup section */

/* Begin XCBuildConfiguration section */
		ED6F8E8B28B4FB8000235A11 /* Debug */ = {
			isa = XCBuildConfiguration;
			buildSettings = {
				ALWAYS_SEARCH_USER_PATHS = NO;
				CLANG_ANALYZER_NONNULL = YES;
				CLANG_ANALYZER_NUMBER_OBJECT_CONVERSION = YES_AGGRESSIVE;
				CLANG_CXX_LANGUAGE_STANDARD = "gnu++17";
				CLANG_ENABLE_MODULES = YES;
				CLANG_ENABLE_OBJC_ARC = YES;
				CLANG_ENABLE_OBJC_WEAK = YES;
				CLANG_WARN_BLOCK_CAPTURE_AUTORELEASING = YES;
				CLANG_WARN_BOOL_CONVERSION = YES;
				CLANG_WARN_COMMA = YES;
				CLANG_WARN_CONSTANT_CONVERSION = YES;
				CLANG_WARN_DEPRECATED_OBJC_IMPLEMENTATIONS = YES;
				CLANG_WARN_DIRECT_OBJC_ISA_USAGE = YES_ERROR;
				CLANG_WARN_DOCUMENTATION_COMMENTS = YES;
				CLANG_WARN_EMPTY_BODY = YES;
				CLANG_WARN_ENUM_CONVERSION = YES;
				CLANG_WARN_INFINITE_RECURSION = YES;
				CLANG_WARN_INT_CONVERSION = YES;
				CLANG_WARN_NON_LITERAL_NULL_CONVERSION = YES;
				CLANG_WARN_OBJC_IMPLICIT_RETAIN_SELF = YES;
				CLANG_WARN_OBJC_LITERAL_CONVERSION = YES;
				CLANG_WARN_OBJC_ROOT_CLASS = YES_ERROR;
				CLANG_WARN_QUOTED_INCLUDE_IN_FRAMEWORK_HEADER = YES;
				CLANG_WARN_RANGE_LOOP_ANALYSIS = YES;
				CLANG_WARN_STRICT_PROTOTYPES = YES;
				CLANG_WARN_SUSPICIOUS_MOVE = YES;
				CLANG_WARN_UNGUARDED_AVAILABILITY = YES_AGGRESSIVE;
				CLANG_WARN_UNREACHABLE_CODE = YES;
				CLANG_WARN__DUPLICATE_METHOD_MATCH = YES;
				COPY_PHASE_STRIP = NO;
				DEBUG_INFORMATION_FORMAT = dwarf;
				ENABLE_STRICT_OBJC_MSGSEND = YES;
				ENABLE_TESTABILITY = YES;
				GCC_C_LANGUAGE_STANDARD = gnu11;
				GCC_DYNAMIC_NO_PIC = NO;
				GCC_NO_COMMON_BLOCKS = YES;
				GCC_OPTIMIZATION_LEVEL = 0;
				GCC_PREPROCESSOR_DEFINITIONS = (
					"DEBUG=1",
					"$(inherited)",
				);
				GCC_WARN_64_TO_32_BIT_CONVERSION = YES;
				GCC_WARN_ABOUT_RETURN_TYPE = YES_ERROR;
				GCC_WARN_UNDECLARED_SELECTOR = YES;
				GCC_WARN_UNINITIALIZED_AUTOS = YES_AGGRESSIVE;
				GCC_WARN_UNUSED_FUNCTION = YES;
				GCC_WARN_UNUSED_VARIABLE = YES;
				IPHONEOS_DEPLOYMENT_TARGET = 15.5;
				MTL_ENABLE_DEBUG_INFO = INCLUDE_SOURCE;
				MTL_FAST_MATH = YES;
				ONLY_ACTIVE_ARCH = YES;
				SDKROOT = iphoneos;
				SWIFT_ACTIVE_COMPILATION_CONDITIONS = DEBUG;
				SWIFT_OPTIMIZATION_LEVEL = "-Onone";
			};
			name = Debug;
		};
		ED6F8E8C28B4FB8000235A11 /* Release */ = {
			isa = XCBuildConfiguration;
			buildSettings = {
				ALWAYS_SEARCH_USER_PATHS = NO;
				CLANG_ANALYZER_NONNULL = YES;
				CLANG_ANALYZER_NUMBER_OBJECT_CONVERSION = YES_AGGRESSIVE;
				CLANG_CXX_LANGUAGE_STANDARD = "gnu++17";
				CLANG_ENABLE_MODULES = YES;
				CLANG_ENABLE_OBJC_ARC = YES;
				CLANG_ENABLE_OBJC_WEAK = YES;
				CLANG_WARN_BLOCK_CAPTURE_AUTORELEASING = YES;
				CLANG_WARN_BOOL_CONVERSION = YES;
				CLANG_WARN_COMMA = YES;
				CLANG_WARN_CONSTANT_CONVERSION = YES;
				CLANG_WARN_DEPRECATED_OBJC_IMPLEMENTATIONS = YES;
				CLANG_WARN_DIRECT_OBJC_ISA_USAGE = YES_ERROR;
				CLANG_WARN_DOCUMENTATION_COMMENTS = YES;
				CLANG_WARN_EMPTY_BODY = YES;
				CLANG_WARN_ENUM_CONVERSION = YES;
				CLANG_WARN_INFINITE_RECURSION = YES;
				CLANG_WARN_INT_CONVERSION = YES;
				CLANG_WARN_NON_LITERAL_NULL_CONVERSION = YES;
				CLANG_WARN_OBJC_IMPLICIT_RETAIN_SELF = YES;
				CLANG_WARN_OBJC_LITERAL_CONVERSION = YES;
				CLANG_WARN_OBJC_ROOT_CLASS = YES_ERROR;
				CLANG_WARN_QUOTED_INCLUDE_IN_FRAMEWORK_HEADER = YES;
				CLANG_WARN_RANGE_LOOP_ANALYSIS = YES;
				CLANG_WARN_STRICT_PROTOTYPES = YES;
				CLANG_WARN_SUSPICIOUS_MOVE = YES;
				CLANG_WARN_UNGUARDED_AVAILABILITY = YES_AGGRESSIVE;
				CLANG_WARN_UNREACHABLE_CODE = YES;
				CLANG_WARN__DUPLICATE_METHOD_MATCH = YES;
				COPY_PHASE_STRIP = NO;
				DEBUG_INFORMATION_FORMAT = "dwarf-with-dsym";
				ENABLE_NS_ASSERTIONS = NO;
				ENABLE_STRICT_OBJC_MSGSEND = YES;
				GCC_C_LANGUAGE_STANDARD = gnu11;
				GCC_NO_COMMON_BLOCKS = YES;
				GCC_WARN_64_TO_32_BIT_CONVERSION = YES;
				GCC_WARN_ABOUT_RETURN_TYPE = YES_ERROR;
				GCC_WARN_UNDECLARED_SELECTOR = YES;
				GCC_WARN_UNINITIALIZED_AUTOS = YES_AGGRESSIVE;
				GCC_WARN_UNUSED_FUNCTION = YES;
				GCC_WARN_UNUSED_VARIABLE = YES;
				IPHONEOS_DEPLOYMENT_TARGET = 15.5;
				MTL_ENABLE_DEBUG_INFO = NO;
				MTL_FAST_MATH = YES;
				SDKROOT = iphoneos;
				SWIFT_COMPILATION_MODE = wholemodule;
				SWIFT_OPTIMIZATION_LEVEL = "-O";
				VALIDATE_PRODUCT = YES;
			};
			name = Release;
		};
		ED6F8E8E28B4FB8000235A11 /* Debug */ = {
			isa = XCBuildConfiguration;
			baseConfigurationReference = 6BFAD28BEF8B60B09AB5028F /* Pods-pryanikyExam.debug.xcconfig */;
			buildSettings = {
				ASSETCATALOG_COMPILER_APPICON_NAME = AppIcon;
				ASSETCATALOG_COMPILER_GLOBAL_ACCENT_COLOR_NAME = AccentColor;
				CODE_SIGN_STYLE = Automatic;
				CURRENT_PROJECT_VERSION = 1;
				DEVELOPMENT_TEAM = FNMU26U9KZ;
				GENERATE_INFOPLIST_FILE = YES;
				INFOPLIST_FILE = pryanikyExam/Info.plist;
				INFOPLIST_KEY_UIApplicationSupportsIndirectInputEvents = YES;
				INFOPLIST_KEY_UILaunchStoryboardName = LaunchScreen;
				INFOPLIST_KEY_UIMainStoryboardFile = Main;
				INFOPLIST_KEY_UISupportedInterfaceOrientations_iPad = "UIInterfaceOrientationPortrait UIInterfaceOrientationPortraitUpsideDown UIInterfaceOrientationLandscapeLeft UIInterfaceOrientationLandscapeRight";
				INFOPLIST_KEY_UISupportedInterfaceOrientations_iPhone = "UIInterfaceOrientationPortrait UIInterfaceOrientationLandscapeLeft UIInterfaceOrientationLandscapeRight";
				LD_RUNPATH_SEARCH_PATHS = (
					"$(inherited)",
					"@executable_path/Frameworks",
				);
				MARKETING_VERSION = 1.0;
				PRODUCT_BUNDLE_IDENTIFIER = maksim.pryanikyExam;
				PRODUCT_NAME = "$(TARGET_NAME)";
				SWIFT_EMIT_LOC_STRINGS = YES;
				SWIFT_VERSION = 5.0;
				TARGETED_DEVICE_FAMILY = "1,2";
			};
			name = Debug;
		};
		ED6F8E8F28B4FB8000235A11 /* Release */ = {
			isa = XCBuildConfiguration;
			baseConfigurationReference = 3985D9A0785AA3A88B28B864 /* Pods-pryanikyExam.release.xcconfig */;
			buildSettings = {
				ASSETCATALOG_COMPILER_APPICON_NAME = AppIcon;
				ASSETCATALOG_COMPILER_GLOBAL_ACCENT_COLOR_NAME = AccentColor;
				CODE_SIGN_STYLE = Automatic;
				CURRENT_PROJECT_VERSION = 1;
				DEVELOPMENT_TEAM = FNMU26U9KZ;
				GENERATE_INFOPLIST_FILE = YES;
				INFOPLIST_FILE = pryanikyExam/Info.plist;
				INFOPLIST_KEY_UIApplicationSupportsIndirectInputEvents = YES;
				INFOPLIST_KEY_UILaunchStoryboardName = LaunchScreen;
				INFOPLIST_KEY_UIMainStoryboardFile = Main;
				INFOPLIST_KEY_UISupportedInterfaceOrientations_iPad = "UIInterfaceOrientationPortrait UIInterfaceOrientationPortraitUpsideDown UIInterfaceOrientationLandscapeLeft UIInterfaceOrientationLandscapeRight";
				INFOPLIST_KEY_UISupportedInterfaceOrientations_iPhone = "UIInterfaceOrientationPortrait UIInterfaceOrientationLandscapeLeft UIInterfaceOrientationLandscapeRight";
				LD_RUNPATH_SEARCH_PATHS = (
					"$(inherited)",
					"@executable_path/Frameworks",
				);
				MARKETING_VERSION = 1.0;
				PRODUCT_BUNDLE_IDENTIFIER = maksim.pryanikyExam;
				PRODUCT_NAME = "$(TARGET_NAME)";
				SWIFT_EMIT_LOC_STRINGS = YES;
				SWIFT_VERSION = 5.0;
				TARGETED_DEVICE_FAMILY = "1,2";
			};
			name = Release;
		};
		ED6F8E9128B4FB8000235A11 /* Debug */ = {
			isa = XCBuildConfiguration;
			baseConfigurationReference = 3E120056CB1F55E59A91F1CE /* Pods-pryanikyExamTests.debug.xcconfig */;
			buildSettings = {
				ALWAYS_EMBED_SWIFT_STANDARD_LIBRARIES = YES;
				BUNDLE_LOADER = "$(TEST_HOST)";
				CODE_SIGN_STYLE = Automatic;
				CURRENT_PROJECT_VERSION = 1;
				DEVELOPMENT_TEAM = FNMU26U9KZ;
				GENERATE_INFOPLIST_FILE = YES;
				IPHONEOS_DEPLOYMENT_TARGET = 15.5;
				MARKETING_VERSION = 1.0;
				PRODUCT_BUNDLE_IDENTIFIER = maksim.pryanikyExamTests;
				PRODUCT_NAME = "$(TARGET_NAME)";
				SWIFT_EMIT_LOC_STRINGS = NO;
				SWIFT_VERSION = 5.0;
				TARGETED_DEVICE_FAMILY = "1,2";
				TEST_HOST = "$(BUILT_PRODUCTS_DIR)/pryanikyExam.app/pryanikyExam";
			};
			name = Debug;
		};
		ED6F8E9228B4FB8000235A11 /* Release */ = {
			isa = XCBuildConfiguration;
			baseConfigurationReference = 125C371CFDE22945C371A411 /* Pods-pryanikyExamTests.release.xcconfig */;
			buildSettings = {
				ALWAYS_EMBED_SWIFT_STANDARD_LIBRARIES = YES;
				BUNDLE_LOADER = "$(TEST_HOST)";
				CODE_SIGN_STYLE = Automatic;
				CURRENT_PROJECT_VERSION = 1;
				DEVELOPMENT_TEAM = FNMU26U9KZ;
				GENERATE_INFOPLIST_FILE = YES;
				IPHONEOS_DEPLOYMENT_TARGET = 15.5;
				MARKETING_VERSION = 1.0;
				PRODUCT_BUNDLE_IDENTIFIER = maksim.pryanikyExamTests;
				PRODUCT_NAME = "$(TARGET_NAME)";
				SWIFT_EMIT_LOC_STRINGS = NO;
				SWIFT_VERSION = 5.0;
				TARGETED_DEVICE_FAMILY = "1,2";
				TEST_HOST = "$(BUILT_PRODUCTS_DIR)/pryanikyExam.app/pryanikyExam";
			};
			name = Release;
		};
		ED6F8E9428B4FB8000235A11 /* Debug */ = {
			isa = XCBuildConfiguration;
			baseConfigurationReference = 9AD15E04498445BBEC86C111 /* Pods-pryanikyExam-pryanikyExamUITests.debug.xcconfig */;
			buildSettings = {
				ALWAYS_EMBED_SWIFT_STANDARD_LIBRARIES = YES;
				CODE_SIGN_STYLE = Automatic;
				CURRENT_PROJECT_VERSION = 1;
				DEVELOPMENT_TEAM = FNMU26U9KZ;
				GENERATE_INFOPLIST_FILE = YES;
				MARKETING_VERSION = 1.0;
				PRODUCT_BUNDLE_IDENTIFIER = maksim.pryanikyExamUITests;
				PRODUCT_NAME = "$(TARGET_NAME)";
				SWIFT_EMIT_LOC_STRINGS = NO;
				SWIFT_VERSION = 5.0;
				TARGETED_DEVICE_FAMILY = "1,2";
				TEST_TARGET_NAME = pryanikyExam;
			};
			name = Debug;
		};
		ED6F8E9528B4FB8000235A11 /* Release */ = {
			isa = XCBuildConfiguration;
			baseConfigurationReference = EE04097A8A90B7856D0E939A /* Pods-pryanikyExam-pryanikyExamUITests.release.xcconfig */;
			buildSettings = {
				ALWAYS_EMBED_SWIFT_STANDARD_LIBRARIES = YES;
				CODE_SIGN_STYLE = Automatic;
				CURRENT_PROJECT_VERSION = 1;
				DEVELOPMENT_TEAM = FNMU26U9KZ;
				GENERATE_INFOPLIST_FILE = YES;
				MARKETING_VERSION = 1.0;
				PRODUCT_BUNDLE_IDENTIFIER = maksim.pryanikyExamUITests;
				PRODUCT_NAME = "$(TARGET_NAME)";
				SWIFT_EMIT_LOC_STRINGS = NO;
				SWIFT_VERSION = 5.0;
				TARGETED_DEVICE_FAMILY = "1,2";
				TEST_TARGET_NAME = pryanikyExam;
			};
			name = Release;
		};
/* End XCBuildConfiguration section */

/* Begin XCConfigurationList section */
		ED6F8E5E28B4FB7D00235A11 /* Build configuration list for PBXProject "pryanikyExam" */ = {
			isa = XCConfigurationList;
			buildConfigurations = (
				ED6F8E8B28B4FB8000235A11 /* Debug */,
				ED6F8E8C28B4FB8000235A11 /* Release */,
			);
			defaultConfigurationIsVisible = 0;
			defaultConfigurationName = Release;
		};
		ED6F8E8D28B4FB8000235A11 /* Build configuration list for PBXNativeTarget "pryanikyExam" */ = {
			isa = XCConfigurationList;
			buildConfigurations = (
				ED6F8E8E28B4FB8000235A11 /* Debug */,
				ED6F8E8F28B4FB8000235A11 /* Release */,
			);
			defaultConfigurationIsVisible = 0;
			defaultConfigurationName = Release;
		};
		ED6F8E9028B4FB8000235A11 /* Build configuration list for PBXNativeTarget "pryanikyExamTests" */ = {
			isa = XCConfigurationList;
			buildConfigurations = (
				ED6F8E9128B4FB8000235A11 /* Debug */,
				ED6F8E9228B4FB8000235A11 /* Release */,
			);
			defaultConfigurationIsVisible = 0;
			defaultConfigurationName = Release;
		};
		ED6F8E9328B4FB8000235A11 /* Build configuration list for PBXNativeTarget "pryanikyExamUITests" */ = {
			isa = XCConfigurationList;
			buildConfigurations = (
				ED6F8E9428B4FB8000235A11 /* Debug */,
				ED6F8E9528B4FB8000235A11 /* Release */,
			);
			defaultConfigurationIsVisible = 0;
			defaultConfigurationName = Release;
		};
/* End XCConfigurationList section */
	};
	rootObject = ED6F8E5B28B4FB7D00235A11 /* Project object */;
}
